
Microsoft Visual Studio Solution File, Format Version 12.00
# Visual Studio Version 17
VisualStudioVersion = 17.4.33403.182
MinimumVisualStudioVersion = 10.0.40219.1
Project("{FAE04EC0-301F-11D3-BF4B-00C04F79EFBC}") = "BugTrackerApp", "BugTrackerApp.csproj", "{39F97AE3-55B2-4DAB-8DA4-30ED364C2165}"
EndProject
Project("{9A19103F-16F7-4668-BE54-9A1E7A4F7556}") = "BugTrackerApp.Tests", "..\BugTrackerApp.Tests\BugTrackerApp.Tests.csproj", "{491D6884-B5AC-4C4C-A656-2F07D9B685CB}"
EndProject
Global
	GlobalSection(SolutionConfigurationPlatforms) = preSolution
		Debug|Any CPU = Debug|Any CPU
		Release|Any CPU = Release|Any CPU
	EndGlobalSection
	GlobalSection(ProjectConfigurationPlatforms) = postSolution
		{39F97AE3-55B2-4DAB-8DA4-30ED364C2165}.Debug|Any CPU.ActiveCfg = Debug|Any CPU
		{39F97AE3-55B2-4DAB-8DA4-30ED364C2165}.Debug|Any CPU.Build.0 = Debug|Any CPU
		{39F97AE3-55B2-4DAB-8DA4-30ED364C2165}.Release|Any CPU.ActiveCfg = Release|Any CPU
		{39F97AE3-55B2-4DAB-8DA4-30ED364C2165}.Release|Any CPU.Build.0 = Release|Any CPU
		{491D6884-B5AC-4C4C-A656-2F07D9B685CB}.Debug|Any CPU.ActiveCfg = Debug|Any CPU
		{491D6884-B5AC-4C4C-A656-2F07D9B685CB}.Debug|Any CPU.Build.0 = Debug|Any CPU
		{491D6884-B5AC-4C4C-A656-2F07D9B685CB}.Release|Any CPU.ActiveCfg = Release|Any CPU
		{491D6884-B5AC-4C4C-A656-2F07D9B685CB}.Release|Any CPU.Build.0 = Release|Any CPU
	EndGlobalSection
	GlobalSection(SolutionProperties) = preSolution
		HideSolutionNode = FALSE
	EndGlobalSection
	GlobalSection(ExtensibilityGlobals) = postSolution
		SolutionGuid = {8B1E8A55-3B96-45F4-A953-62C2C90D9BDE}
	EndGlobalSection
EndGlobal
